dependencies:
  idf:
    source:
      type: idf
    version: 5.5.0
  nimble_central_utils:
    dependencies: []
    source:
      path: /home/ajsbreezy/.platformio/packages/framework-espidf/examples/bluetooth/nimble/common/nimble_central_utils
      type: local
    version: '*'
direct_dependencies:
- nimble_central_utils
manifest_hash: e0fc3e5e07af65a02ec8900698af967b540f6e013669b73c1874602849618907
target: esp32c3
version: 2.0.0
