dependencies:
  idf:
    source:
      type: idf
    version: 5.5.0
  nimble_peripheral_utils:
    dependencies: []
    source:
      path: /home/nahomts/.platformio/packages/framework-espidf/examples/bluetooth/nimble/common/nimble_peripheral_utils
      type: local
    version: '*'
direct_dependencies:
- nimble_peripheral_utils
manifest_hash: 088283c4d34a602b8503351ad0e8ae9edff8ddd18403a50c6e41c0b2f54e06c7
target: esp32c3
version: 2.0.0
